
Microsoft Visual Studio Solution File, Format Version 12.00
# Visual Studio Version 17
VisualStudioVersion = 17.3.32929.385
MinimumVisualStudioVersion = 10.0.40219.1
Project("{FAE04EC0-301F-11D3-BF4B-00C04F79EFBC}") = "ConsoleApp41", "ConsoleApp41.csproj", "{65C1CC5E-CCDA-4DFB-A69A-2C6BA560FACB}"
EndProject
Global
	GlobalSection(SolutionConfigurationPlatforms) = preSolution
		Debug|Any CPU = Debug|Any CPU
		Release|Any CPU = Release|Any CPU
	EndGlobalSection
	GlobalSection(ProjectConfigurationPlatforms) = postSolution
		{65C1CC5E-CCDA-4DFB-A69A-2C6BA560FACB}.Debug|Any CPU.ActiveCfg = Debug|Any CPU
		{65C1CC5E-CCDA-4DFB-A69A-2C6BA560FACB}.Debug|Any CPU.Build.0 = Debug|Any CPU
		{65C1CC5E-CCDA-4DFB-A69A-2C6BA560FACB}.Release|Any CPU.ActiveCfg = Release|Any CPU
		{65C1CC5E-CCDA-4DFB-A69A-2C6BA560FACB}.Release|Any CPU.Build.0 = Release|Any CPU
	EndGlobalSection
	GlobalSection(SolutionProperties) = preSolution
		HideSolutionNode = FALSE
	EndGlobalSection
	GlobalSection(ExtensibilityGlobals) = postSolution
		SolutionGuid = {7D41FA21-AABD-4622-A4FE-1BC7ADDB29CD}
	EndGlobalSection
EndGlobal
